
Microsoft Visual Studio Solution File, Format Version 12.00
# Visual Studio Version 17
VisualStudioVersion = 17.7.34202.233
MinimumVisualStudioVersion = 10.0.40219.1
Project("{FAE04EC0-301F-11D3-BF4B-00C04F79EFBC}") = "ImprovedSelfcare", "ImprovedSelfcare.csproj", "{F0FA1258-8D5F-488E-8FB4-5307D0BB1E9F}"
EndProject
Global
	GlobalSection(SolutionConfigurationPlatforms) = preSolution
		Debug|Any CPU = Debug|Any CPU
		Release|Any CPU = Release|Any CPU
	EndGlobalSection
	GlobalSection(ProjectConfigurationPlatforms) = postSolution
		{F0FA1258-8D5F-488E-8FB4-5307D0BB1E9F}.Debug|Any CPU.ActiveCfg = Debug|Any CPU
		{F0FA1258-8D5F-488E-8FB4-5307D0BB1E9F}.Debug|Any CPU.Build.0 = Debug|Any CPU
		{F0FA1258-8D5F-488E-8FB4-5307D0BB1E9F}.Release|Any CPU.ActiveCfg = Release|Any CPU
		{F0FA1258-8D5F-488E-8FB4-5307D0BB1E9F}.Release|Any CPU.Build.0 = Release|Any CPU
	EndGlobalSection
	GlobalSection(SolutionProperties) = preSolution
		HideSolutionNode = FALSE
	EndGlobalSection
	GlobalSection(ExtensibilityGlobals) = postSolution
		SolutionGuid = {9EBFDD53-46B0-471C-95DB-B7DE34EE2D28}
	EndGlobalSection
EndGlobal
